// !$*UTF8*$!
{
	archiveVersion = 1;
	classes = {
	};
	objectVersion = 46;
	objects = {

/* Begin PBXAggregateTarget section */
		"Amadeus::AmadeusPackageTests::ProductTarget" /* AmadeusPackageTests */ = {
			isa = PBXAggregateTarget;
			buildConfigurationList = OBJ_102 /* Build configuration list for PBXAggregateTarget "AmadeusPackageTests" */;
			buildPhases = (
			);
			dependencies = (
				OBJ_105 /* PBXTargetDependency */,
			);
			name = AmadeusPackageTests;
			productName = AmadeusPackageTests;
		};
/* End PBXAggregateTarget section */

/* Begin PBXBuildFile section */
		OBJ_100 /* Package.swift in Sources */ = {isa = PBXBuildFile; fileRef = OBJ_6 /* Package.swift */; };
		OBJ_111 /* AmadeusTests.swift in Sources */ = {isa = PBXBuildFile; fileRef = OBJ_46 /* AmadeusTests.swift */; };
		OBJ_112 /* EndpointAirTests.swift in Sources */ = {isa = PBXBuildFile; fileRef = OBJ_47 /* EndpointAirTests.swift */; };
		OBJ_113 /* EndpointHotelTests.swift in Sources */ = {isa = PBXBuildFile; fileRef = OBJ_48 /* EndpointHotelTests.swift */; };
		OBJ_114 /* XCTestManifests.swift in Sources */ = {isa = PBXBuildFile; fileRef = OBJ_49 /* XCTestManifests.swift */; };
		OBJ_116 /* Amadeus.framework in Frameworks */ = {isa = PBXBuildFile; fileRef = "Amadeus::Amadeus::Product" /* Amadeus.framework */; };
		OBJ_117 /* SwiftyJSON.framework in Frameworks */ = {isa = PBXBuildFile; fileRef = "SwiftyJSON::SwiftyJSON::Product" /* SwiftyJSON.framework */; };
		OBJ_124 /* SwiftyJSON.swift in Sources */ = {isa = PBXBuildFile; fileRef = OBJ_55 /* SwiftyJSON.swift */; };
		OBJ_131 /* Package.swift in Sources */ = {isa = PBXBuildFile; fileRef = OBJ_54 /* Package.swift */; };
		OBJ_65 /* Amadeus.swift in Sources */ = {isa = PBXBuildFile; fileRef = OBJ_9 /* Amadeus.swift */; };
		OBJ_66 /* Client.swift in Sources */ = {isa = PBXBuildFile; fileRef = OBJ_11 /* Client.swift */; };
		OBJ_67 /* Configuration.swift in Sources */ = {isa = PBXBuildFile; fileRef = OBJ_12 /* Configuration.swift */; };
		OBJ_68 /* ReferenceData.swift in Sources */ = {isa = PBXBuildFile; fileRef = OBJ_13 /* ReferenceData.swift */; };
		OBJ_69 /* AirLines.swift in Sources */ = {isa = PBXBuildFile; fileRef = OBJ_15 /* AirLines.swift */; };
		OBJ_70 /* Location.swift in Sources */ = {isa = PBXBuildFile; fileRef = OBJ_16 /* Location.swift */; };
		OBJ_71 /* Locations.swift in Sources */ = {isa = PBXBuildFile; fileRef = OBJ_17 /* Locations.swift */; };
		OBJ_72 /* Airports.swift in Sources */ = {isa = PBXBuildFile; fileRef = OBJ_19 /* Airports.swift */; };
		OBJ_73 /* PointsOfInterest.swift in Sources */ = {isa = PBXBuildFile; fileRef = OBJ_20 /* PointsOfInterest.swift */; };
		OBJ_74 /* Urls.swift in Sources */ = {isa = PBXBuildFile; fileRef = OBJ_21 /* Urls.swift */; };
		OBJ_75 /* CheckinLinks.swift in Sources */ = {isa = PBXBuildFile; fileRef = OBJ_23 /* CheckinLinks.swift */; };
		OBJ_76 /* Shopping.swift in Sources */ = {isa = PBXBuildFile; fileRef = OBJ_24 /* Shopping.swift */; };
		OBJ_77 /* FlightDates.swift in Sources */ = {isa = PBXBuildFile; fileRef = OBJ_26 /* FlightDates.swift */; };
		OBJ_78 /* FlightDestinations.swift in Sources */ = {isa = PBXBuildFile; fileRef = OBJ_27 /* FlightDestinations.swift */; };
		OBJ_79 /* FlightOffers.swift in Sources */ = {isa = PBXBuildFile; fileRef = OBJ_28 /* FlightOffers.swift */; };
		OBJ_80 /* HotelOffer.swift in Sources */ = {isa = PBXBuildFile; fileRef = OBJ_29 /* HotelOffer.swift */; };
		OBJ_81 /* HotelOfferByHotel.swift in Sources */ = {isa = PBXBuildFile; fileRef = OBJ_30 /* HotelOfferByHotel.swift */; };
		OBJ_82 /* HotelOffers.swift in Sources */ = {isa = PBXBuildFile; fileRef = OBJ_31 /* HotelOffers.swift */; };
		OBJ_83 /* Travel.swift in Sources */ = {isa = PBXBuildFile; fileRef = OBJ_32 /* Travel.swift */; };
		OBJ_84 /* Analytics.swift in Sources */ = {isa = PBXBuildFile; fileRef = OBJ_34 /* Analytics.swift */; };
		OBJ_85 /* AirTraffic.swift in Sources */ = {isa = PBXBuildFile; fileRef = OBJ_36 /* AirTraffic.swift */; };
		OBJ_86 /* Booked.swift in Sources */ = {isa = PBXBuildFile; fileRef = OBJ_38 /* Booked.swift */; };
		OBJ_87 /* BusiestPeriod.swift in Sources */ = {isa = PBXBuildFile; fileRef = OBJ_39 /* BusiestPeriod.swift */; };
		OBJ_88 /* Traveled.swift in Sources */ = {isa = PBXBuildFile; fileRef = OBJ_40 /* Traveled.swift */; };
		OBJ_89 /* HTTPRequest.swift in Sources */ = {isa = PBXBuildFile; fileRef = OBJ_42 /* HTTPRequest.swift */; };
		OBJ_90 /* Response.swift in Sources */ = {isa = PBXBuildFile; fileRef = OBJ_43 /* Response.swift */; };
		OBJ_92 /* SwiftyJSON.framework in Frameworks */ = {isa = PBXBuildFile; fileRef = "SwiftyJSON::SwiftyJSON::Product" /* SwiftyJSON.framework */; };
/* End PBXBuildFile section */

/* Begin PBXContainerItemProxy section */
		3D150C5923EB804700FDD1AE /* PBXContainerItemProxy */ = {
			isa = PBXContainerItemProxy;
			containerPortal = OBJ_1 /* Project object */;
			proxyType = 1;
			remoteGlobalIDString = "SwiftyJSON::SwiftyJSON";
			remoteInfo = SwiftyJSON;
		};
		3D150C5A23EB804700FDD1AE /* PBXContainerItemProxy */ = {
			isa = PBXContainerItemProxy;
			containerPortal = OBJ_1 /* Project object */;
			proxyType = 1;
			remoteGlobalIDString = "Amadeus::Amadeus";
			remoteInfo = Amadeus;
		};
		3D150C5B23EB804700FDD1AE /* PBXContainerItemProxy */ = {
			isa = PBXContainerItemProxy;
			containerPortal = OBJ_1 /* Project object */;
			proxyType = 1;
			remoteGlobalIDString = "SwiftyJSON::SwiftyJSON";
			remoteInfo = SwiftyJSON;
		};
/* End PBXContainerItemProxy section */

/* Begin PBXFileReference section */
		"Amadeus::Amadeus::Product" /* Amadeus.framework */ = {isa = PBXFileReference; explicitFileType = wrapper.framework; path = Amadeus.framework; sourceTree = BUILT_PRODUCTS_DIR; };
		"Amadeus::AmadeusTests::Product" /* AmadeusTests.xctest */ = {isa = PBXFileReference; explicitFileType = wrapper.cfbundle; path = AmadeusTests.xctest; sourceTree = BUILT_PRODUCTS_DIR; };
		OBJ_11 /* Client.swift */ = {isa = PBXFileReference; lastKnownFileType = sourcecode.swift; path = Client.swift; sourceTree = "<group>"; };
		OBJ_12 /* Configuration.swift */ = {isa = PBXFileReference; lastKnownFileType = sourcecode.swift; path = Configuration.swift; sourceTree = "<group>"; };
		OBJ_13 /* ReferenceData.swift */ = {isa = PBXFileReference; lastKnownFileType = sourcecode.swift; path = ReferenceData.swift; sourceTree = "<group>"; };
		OBJ_15 /* AirLines.swift */ = {isa = PBXFileReference; lastKnownFileType = sourcecode.swift; path = AirLines.swift; sourceTree = "<group>"; };
		OBJ_16 /* Location.swift */ = {isa = PBXFileReference; lastKnownFileType = sourcecode.swift; path = Location.swift; sourceTree = "<group>"; };
		OBJ_17 /* Locations.swift */ = {isa = PBXFileReference; lastKnownFileType = sourcecode.swift; path = Locations.swift; sourceTree = "<group>"; };
		OBJ_19 /* Airports.swift */ = {isa = PBXFileReference; lastKnownFileType = sourcecode.swift; path = Airports.swift; sourceTree = "<group>"; };
		OBJ_20 /* PointsOfInterest.swift */ = {isa = PBXFileReference; lastKnownFileType = sourcecode.swift; path = PointsOfInterest.swift; sourceTree = "<group>"; };
		OBJ_21 /* Urls.swift */ = {isa = PBXFileReference; lastKnownFileType = sourcecode.swift; path = Urls.swift; sourceTree = "<group>"; };
		OBJ_23 /* CheckinLinks.swift */ = {isa = PBXFileReference; lastKnownFileType = sourcecode.swift; path = CheckinLinks.swift; sourceTree = "<group>"; };
		OBJ_24 /* Shopping.swift */ = {isa = PBXFileReference; lastKnownFileType = sourcecode.swift; path = Shopping.swift; sourceTree = "<group>"; };
		OBJ_26 /* FlightDates.swift */ = {isa = PBXFileReference; lastKnownFileType = sourcecode.swift; path = FlightDates.swift; sourceTree = "<group>"; };
		OBJ_27 /* FlightDestinations.swift */ = {isa = PBXFileReference; lastKnownFileType = sourcecode.swift; path = FlightDestinations.swift; sourceTree = "<group>"; };
		OBJ_28 /* FlightOffers.swift */ = {isa = PBXFileReference; lastKnownFileType = sourcecode.swift; path = FlightOffers.swift; sourceTree = "<group>"; };
		OBJ_29 /* HotelOffer.swift */ = {isa = PBXFileReference; lastKnownFileType = sourcecode.swift; path = HotelOffer.swift; sourceTree = "<group>"; };
		OBJ_30 /* HotelOfferByHotel.swift */ = {isa = PBXFileReference; lastKnownFileType = sourcecode.swift; path = HotelOfferByHotel.swift; sourceTree = "<group>"; };
		OBJ_31 /* HotelOffers.swift */ = {isa = PBXFileReference; lastKnownFileType = sourcecode.swift; path = HotelOffers.swift; sourceTree = "<group>"; };
		OBJ_32 /* Travel.swift */ = {isa = PBXFileReference; lastKnownFileType = sourcecode.swift; path = Travel.swift; sourceTree = "<group>"; };
		OBJ_34 /* Analytics.swift */ = {isa = PBXFileReference; lastKnownFileType = sourcecode.swift; path = Analytics.swift; sourceTree = "<group>"; };
		OBJ_36 /* AirTraffic.swift */ = {isa = PBXFileReference; lastKnownFileType = sourcecode.swift; path = AirTraffic.swift; sourceTree = "<group>"; };
		OBJ_38 /* Booked.swift */ = {isa = PBXFileReference; lastKnownFileType = sourcecode.swift; path = Booked.swift; sourceTree = "<group>"; };
		OBJ_39 /* BusiestPeriod.swift */ = {isa = PBXFileReference; lastKnownFileType = sourcecode.swift; path = BusiestPeriod.swift; sourceTree = "<group>"; };
		OBJ_40 /* Traveled.swift */ = {isa = PBXFileReference; lastKnownFileType = sourcecode.swift; path = Traveled.swift; sourceTree = "<group>"; };
		OBJ_42 /* HTTPRequest.swift */ = {isa = PBXFileReference; lastKnownFileType = sourcecode.swift; path = HTTPRequest.swift; sourceTree = "<group>"; };
		OBJ_43 /* Response.swift */ = {isa = PBXFileReference; lastKnownFileType = sourcecode.swift; path = Response.swift; sourceTree = "<group>"; };
		OBJ_46 /* AmadeusTests.swift */ = {isa = PBXFileReference; lastKnownFileType = sourcecode.swift; path = AmadeusTests.swift; sourceTree = "<group>"; };
		OBJ_47 /* EndpointAirTests.swift */ = {isa = PBXFileReference; lastKnownFileType = sourcecode.swift; path = EndpointAirTests.swift; sourceTree = "<group>"; };
		OBJ_48 /* EndpointHotelTests.swift */ = {isa = PBXFileReference; lastKnownFileType = sourcecode.swift; path = EndpointHotelTests.swift; sourceTree = "<group>"; };
		OBJ_49 /* XCTestManifests.swift */ = {isa = PBXFileReference; lastKnownFileType = sourcecode.swift; path = XCTestManifests.swift; sourceTree = "<group>"; };
		OBJ_50 /* old */ = {isa = PBXFileReference; lastKnownFileType = folder; path = old; sourceTree = SOURCE_ROOT; };
		OBJ_51 /* Examples */ = {isa = PBXFileReference; lastKnownFileType = folder; path = Examples; sourceTree = SOURCE_ROOT; };
		OBJ_54 /* Package.swift */ = {isa = PBXFileReference; explicitFileType = sourcecode.swift; name = Package.swift; path = "/Users/anavarro/src/github.com/amadeus4dev/amadeus-swift/.build/checkouts/SwiftyJSON.git--7777335513672353617/Package.swift"; sourceTree = "<group>"; };
		OBJ_55 /* SwiftyJSON.swift */ = {isa = PBXFileReference; lastKnownFileType = sourcecode.swift; path = SwiftyJSON.swift; sourceTree = "<group>"; };
		OBJ_6 /* Package.swift */ = {isa = PBXFileReference; explicitFileType = sourcecode.swift; path = Package.swift; sourceTree = "<group>"; };
		OBJ_9 /* Amadeus.swift */ = {isa = PBXFileReference; lastKnownFileType = sourcecode.swift; path = Amadeus.swift; sourceTree = "<group>"; };
		"SwiftyJSON::SwiftyJSON::Product" /* SwiftyJSON.framework */ = {isa = PBXFileReference; explicitFileType = wrapper.framework; path = SwiftyJSON.framework; sourceTree = BUILT_PRODUCTS_DIR; };
/* End PBXFileReference section */

/* Begin PBXFrameworksBuildPhase section */
		OBJ_115 /* Frameworks */ = {
			isa = PBXFrameworksBuildPhase;
			buildActionMask = 0;
			files = (
				OBJ_116 /* Amadeus.framework in Frameworks */,
				OBJ_117 /* SwiftyJSON.framework in Frameworks */,
			);
			runOnlyForDeploymentPostprocessing = 0;
		};
		OBJ_125 /* Frameworks */ = {
			isa = PBXFrameworksBuildPhase;
			buildActionMask = 0;
			files = (
			);
			runOnlyForDeploymentPostprocessing = 0;
		};
		OBJ_91 /* Frameworks */ = {
			isa = PBXFrameworksBuildPhase;
			buildActionMask = 0;
			files = (
				OBJ_92 /* SwiftyJSON.framework in Frameworks */,
			);
			runOnlyForDeploymentPostprocessing = 0;
		};
/* End PBXFrameworksBuildPhase section */

/* Begin PBXGroup section */
		OBJ_10 /* Client */ = {
			isa = PBXGroup;
			children = (
				OBJ_11 /* Client.swift */,
				OBJ_12 /* Configuration.swift */,
			);
			path = Client;
			sourceTree = "<group>";
		};
		OBJ_14 /* ReferenceData */ = {
			isa = PBXGroup;
			children = (
				OBJ_15 /* AirLines.swift */,
				OBJ_16 /* Location.swift */,
				OBJ_17 /* Locations.swift */,
				OBJ_18 /* Locations */,
				OBJ_21 /* Urls.swift */,
				OBJ_22 /* Urls */,
			);
			path = ReferenceData;
			sourceTree = "<group>";
		};
		OBJ_18 /* Locations */ = {
			isa = PBXGroup;
			children = (
				OBJ_19 /* Airports.swift */,
				OBJ_20 /* PointsOfInterest.swift */,
			);
			path = Locations;
			sourceTree = "<group>";
		};
		OBJ_22 /* Urls */ = {
			isa = PBXGroup;
			children = (
				OBJ_23 /* CheckinLinks.swift */,
			);
			path = Urls;
			sourceTree = "<group>";
		};
		OBJ_25 /* Shopping */ = {
			isa = PBXGroup;
			children = (
				OBJ_26 /* FlightDates.swift */,
				OBJ_27 /* FlightDestinations.swift */,
				OBJ_28 /* FlightOffers.swift */,
				OBJ_29 /* HotelOffer.swift */,
				OBJ_30 /* HotelOfferByHotel.swift */,
				OBJ_31 /* HotelOffers.swift */,
			);
			path = Shopping;
			sourceTree = "<group>";
		};
		OBJ_33 /* Travel */ = {
			isa = PBXGroup;
			children = (
				OBJ_34 /* Analytics.swift */,
				OBJ_35 /* Analytics */,
			);
			path = Travel;
			sourceTree = "<group>";
		};
		OBJ_35 /* Analytics */ = {
			isa = PBXGroup;
			children = (
				OBJ_36 /* AirTraffic.swift */,
				OBJ_37 /* air-traffic */,
			);
			path = Analytics;
			sourceTree = "<group>";
		};
		OBJ_37 /* air-traffic */ = {
			isa = PBXGroup;
			children = (
				OBJ_38 /* Booked.swift */,
				OBJ_39 /* BusiestPeriod.swift */,
				OBJ_40 /* Traveled.swift */,
			);
			path = "air-traffic";
			sourceTree = "<group>";
		};
		OBJ_41 /* Utils */ = {
			isa = PBXGroup;
			children = (
				OBJ_42 /* HTTPRequest.swift */,
				OBJ_43 /* Response.swift */,
			);
			path = Utils;
			sourceTree = "<group>";
		};
		OBJ_44 /* Tests */ = {
			isa = PBXGroup;
			children = (
				OBJ_45 /* AmadeusTests */,
			);
			name = Tests;
			sourceTree = SOURCE_ROOT;
		};
		OBJ_45 /* AmadeusTests */ = {
			isa = PBXGroup;
			children = (
				OBJ_46 /* AmadeusTests.swift */,
				OBJ_47 /* EndpointAirTests.swift */,
				OBJ_48 /* EndpointHotelTests.swift */,
				OBJ_49 /* XCTestManifests.swift */,
			);
			name = AmadeusTests;
			path = Tests/AmadeusTests;
			sourceTree = SOURCE_ROOT;
		};
		OBJ_5 = {
			isa = PBXGroup;
			children = (
				OBJ_6 /* Package.swift */,
				OBJ_7 /* Sources */,
				OBJ_44 /* Tests */,
				OBJ_50 /* old */,
				OBJ_51 /* Examples */,
				OBJ_52 /* Dependencies */,
				OBJ_56 /* Products */,
			);
			sourceTree = "<group>";
		};
		OBJ_52 /* Dependencies */ = {
			isa = PBXGroup;
			children = (
				OBJ_53 /* SwiftyJSON 4.2.0 */,
			);
			name = Dependencies;
			sourceTree = "<group>";
		};
		OBJ_53 /* SwiftyJSON 4.2.0 */ = {
			isa = PBXGroup;
			children = (
				OBJ_54 /* Package.swift */,
				OBJ_55 /* SwiftyJSON.swift */,
			);
			name = "SwiftyJSON 4.2.0";
			path = ".build/checkouts/SwiftyJSON.git--7777335513672353617/Source";
			sourceTree = SOURCE_ROOT;
		};
		OBJ_56 /* Products */ = {
			isa = PBXGroup;
			children = (
				"SwiftyJSON::SwiftyJSON::Product" /* SwiftyJSON.framework */,
				"Amadeus::AmadeusTests::Product" /* AmadeusTests.xctest */,
				"Amadeus::Amadeus::Product" /* Amadeus.framework */,
			);
			name = Products;
			sourceTree = BUILT_PRODUCTS_DIR;
		};
		OBJ_7 /* Sources */ = {
			isa = PBXGroup;
			children = (
				OBJ_8 /* Amadeus */,
			);
			name = Sources;
			sourceTree = SOURCE_ROOT;
		};
		OBJ_8 /* Amadeus */ = {
			isa = PBXGroup;
			children = (
				OBJ_9 /* Amadeus.swift */,
				OBJ_10 /* Client */,
				OBJ_13 /* ReferenceData.swift */,
				OBJ_14 /* ReferenceData */,
				OBJ_24 /* Shopping.swift */,
				OBJ_25 /* Shopping */,
				OBJ_32 /* Travel.swift */,
				OBJ_33 /* Travel */,
				OBJ_41 /* Utils */,
			);
			name = Amadeus;
			path = Sources/Amadeus;
			sourceTree = SOURCE_ROOT;
		};
/* End PBXGroup section */

/* Begin PBXNativeTarget section */
		"Amadeus::Amadeus" /* Amadeus */ = {
			isa = PBXNativeTarget;
			buildConfigurationList = OBJ_61 /* Build configuration list for PBXNativeTarget "Amadeus" */;
			buildPhases = (
				OBJ_64 /* Sources */,
				OBJ_91 /* Frameworks */,
			);
			buildRules = (
			);
			dependencies = (
				OBJ_93 /* PBXTargetDependency */,
			);
			name = Amadeus;
			productName = Amadeus;
			productReference = "Amadeus::Amadeus::Product" /* Amadeus.framework */;
			productType = "com.apple.product-type.framework";
		};
		"Amadeus::AmadeusTests" /* AmadeusTests */ = {
			isa = PBXNativeTarget;
			buildConfigurationList = OBJ_107 /* Build configuration list for PBXNativeTarget "AmadeusTests" */;
			buildPhases = (
				OBJ_110 /* Sources */,
				OBJ_115 /* Frameworks */,
			);
			buildRules = (
			);
			dependencies = (
				OBJ_118 /* PBXTargetDependency */,
				OBJ_119 /* PBXTargetDependency */,
			);
			name = AmadeusTests;
			productName = AmadeusTests;
			productReference = "Amadeus::AmadeusTests::Product" /* AmadeusTests.xctest */;
			productType = "com.apple.product-type.bundle.unit-test";
		};
		"Amadeus::SwiftPMPackageDescription" /* AmadeusPackageDescription */ = {
			isa = PBXNativeTarget;
			buildConfigurationList = OBJ_96 /* Build configuration list for PBXNativeTarget "AmadeusPackageDescription" */;
			buildPhases = (
				OBJ_99 /* Sources */,
			);
			buildRules = (
			);
			dependencies = (
			);
			name = AmadeusPackageDescription;
			productName = AmadeusPackageDescription;
			productType = "com.apple.product-type.framework";
		};
		"SwiftyJSON::SwiftPMPackageDescription" /* SwiftyJSONPackageDescription */ = {
			isa = PBXNativeTarget;
			buildConfigurationList = OBJ_127 /* Build configuration list for PBXNativeTarget "SwiftyJSONPackageDescription" */;
			buildPhases = (
				OBJ_130 /* Sources */,
			);
			buildRules = (
			);
			dependencies = (
			);
			name = SwiftyJSONPackageDescription;
			productName = SwiftyJSONPackageDescription;
			productType = "com.apple.product-type.framework";
		};
		"SwiftyJSON::SwiftyJSON" /* SwiftyJSON */ = {
			isa = PBXNativeTarget;
			buildConfigurationList = OBJ_120 /* Build configuration list for PBXNativeTarget "SwiftyJSON" */;
			buildPhases = (
				OBJ_123 /* Sources */,
				OBJ_125 /* Frameworks */,
			);
			buildRules = (
			);
			dependencies = (
			);
			name = SwiftyJSON;
			productName = SwiftyJSON;
			productReference = "SwiftyJSON::SwiftyJSON::Product" /* SwiftyJSON.framework */;
			productType = "com.apple.product-type.framework";
		};
/* End PBXNativeTarget section */

/* Begin PBXProject section */
		OBJ_1 /* Project object */ = {
			isa = PBXProject;
			attributes = {
				LastUpgradeCheck = 9999;
				TargetAttributes = {
					"Amadeus::Amadeus" = {
						LastSwiftMigration = 1010;
					};
					"Amadeus::AmadeusTests" = {
						LastSwiftMigration = 1010;
					};
					"SwiftyJSON::SwiftyJSON" = {
						LastSwiftMigration = 1010;
					};
				};
			};
			buildConfigurationList = OBJ_2 /* Build configuration list for PBXProject "Amadeus" */;
			compatibilityVersion = "Xcode 3.2";
			developmentRegion = English;
			hasScannedForEncodings = 0;
			knownRegions = (
				en,
			);
			mainGroup = OBJ_5;
			productRefGroup = OBJ_56 /* Products */;
			projectDirPath = "";
			projectRoot = "";
			targets = (
				"Amadeus::Amadeus" /* Amadeus */,
				"Amadeus::SwiftPMPackageDescription" /* AmadeusPackageDescription */,
				"Amadeus::AmadeusPackageTests::ProductTarget" /* AmadeusPackageTests */,
				"Amadeus::AmadeusTests" /* AmadeusTests */,
				"SwiftyJSON::SwiftyJSON" /* SwiftyJSON */,
				"SwiftyJSON::SwiftPMPackageDescription" /* SwiftyJSONPackageDescription */,
			);
		};
/* End PBXProject section */

/* Begin PBXSourcesBuildPhase section */
		OBJ_110 /* Sources */ = {
			isa = PBXSourcesBuildPhase;
			buildActionMask = 0;
			files = (
				OBJ_111 /* AmadeusTests.swift in Sources */,
				OBJ_112 /* EndpointAirTests.swift in Sources */,
				OBJ_113 /* EndpointHotelTests.swift in Sources */,
				OBJ_114 /* XCTestManifests.swift in Sources */,
			);
			runOnlyForDeploymentPostprocessing = 0;
		};
		OBJ_123 /* Sources */ = {
			isa = PBXSourcesBuildPhase;
			buildActionMask = 0;
			files = (
				OBJ_124 /* SwiftyJSON.swift in Sources */,
			);
			runOnlyForDeploymentPostprocessing = 0;
		};
		OBJ_130 /* Sources */ = {
			isa = PBXSourcesBuildPhase;
			buildActionMask = 0;
			files = (
				OBJ_131 /* Package.swift in Sources */,
			);
			runOnlyForDeploymentPostprocessing = 0;
		};
		OBJ_64 /* Sources */ = {
			isa = PBXSourcesBuildPhase;
			buildActionMask = 0;
			files = (
				OBJ_65 /* Amadeus.swift in Sources */,
				OBJ_66 /* Client.swift in Sources */,
				OBJ_67 /* Configuration.swift in Sources */,
				OBJ_68 /* ReferenceData.swift in Sources */,
				OBJ_69 /* AirLines.swift in Sources */,
				OBJ_70 /* Location.swift in Sources */,
				OBJ_71 /* Locations.swift in Sources */,
				OBJ_72 /* Airports.swift in Sources */,
				OBJ_73 /* PointsOfInterest.swift in Sources */,
				OBJ_74 /* Urls.swift in Sources */,
				OBJ_75 /* CheckinLinks.swift in Sources */,
				OBJ_76 /* Shopping.swift in Sources */,
				OBJ_77 /* FlightDates.swift in Sources */,
				OBJ_78 /* FlightDestinations.swift in Sources */,
				OBJ_79 /* FlightOffers.swift in Sources */,
				OBJ_80 /* HotelOffer.swift in Sources */,
				OBJ_81 /* HotelOfferByHotel.swift in Sources */,
				OBJ_82 /* HotelOffers.swift in Sources */,
				OBJ_83 /* Travel.swift in Sources */,
				OBJ_84 /* Analytics.swift in Sources */,
				OBJ_85 /* AirTraffic.swift in Sources */,
				OBJ_86 /* Booked.swift in Sources */,
				OBJ_87 /* BusiestPeriod.swift in Sources */,
				OBJ_88 /* Traveled.swift in Sources */,
				OBJ_89 /* HTTPRequest.swift in Sources */,
				OBJ_90 /* Response.swift in Sources */,
			);
			runOnlyForDeploymentPostprocessing = 0;
		};
		OBJ_99 /* Sources */ = {
			isa = PBXSourcesBuildPhase;
			buildActionMask = 0;
			files = (
				OBJ_100 /* Package.swift in Sources */,
			);
			runOnlyForDeploymentPostprocessing = 0;
		};
/* End PBXSourcesBuildPhase section */

/* Begin PBXTargetDependency section */
		OBJ_105 /* PBXTargetDependency */ = {
			isa = PBXTargetDependency;
			target = "Amadeus::AmadeusTests" /* AmadeusTests */;
			targetProxy = "Amadeus::AmadeusTests" /* AmadeusTests */;
		};
		OBJ_118 /* PBXTargetDependency */ = {
			isa = PBXTargetDependency;
			target = "Amadeus::Amadeus" /* Amadeus */;
			targetProxy = 3D150C5A23EB804700FDD1AE /* PBXContainerItemProxy */;
		};
		OBJ_119 /* PBXTargetDependency */ = {
			isa = PBXTargetDependency;
			target = "SwiftyJSON::SwiftyJSON" /* SwiftyJSON */;
			targetProxy = 3D150C5B23EB804700FDD1AE /* PBXContainerItemProxy */;
		};
		OBJ_93 /* PBXTargetDependency */ = {
			isa = PBXTargetDependency;
			target = "SwiftyJSON::SwiftyJSON" /* SwiftyJSON */;
			targetProxy = 3D150C5923EB804700FDD1AE /* PBXContainerItemProxy */;
		};
/* End PBXTargetDependency section */

/* Begin XCBuildConfiguration section */
		OBJ_103 /* Debug */ = {
			isa = XCBuildConfiguration;
			buildSettings = {
			};
			name = Debug;
		};
		OBJ_104 /* Release */ = {
			isa = XCBuildConfiguration;
			buildSettings = {
			};
			name = Release;
		};
		OBJ_108 /* Debug */ = {
			isa = XCBuildConfiguration;
			buildSettings = {
				CLANG_ENABLE_MODULES = YES;
				EMBEDDED_CONTENT_CONTAINS_SWIFT = YES;
				FRAMEWORK_SEARCH_PATHS = (
					"$(inherited)",
					"$(PLATFORM_DIR)/Developer/Library/Frameworks",
				);
				HEADER_SEARCH_PATHS = "$(inherited)";
				INFOPLIST_FILE = Amadeus.xcodeproj/AmadeusTests_Info.plist;
				LD_RUNPATH_SEARCH_PATHS = "$(inherited) @loader_path/../Frameworks @loader_path/Frameworks";
				OTHER_CFLAGS = "$(inherited)";
				OTHER_LDFLAGS = "$(inherited)";
				OTHER_SWIFT_FLAGS = "$(inherited)";
				SWIFT_ACTIVE_COMPILATION_CONDITIONS = "$(inherited)";
				SWIFT_VERSION = 4.2;
				TARGET_NAME = AmadeusTests;
			};
			name = Debug;
		};
		OBJ_109 /* Release */ = {
			isa = XCBuildConfiguration;
			buildSettings = {
				CLANG_ENABLE_MODULES = YES;
				EMBEDDED_CONTENT_CONTAINS_SWIFT = YES;
				FRAMEWORK_SEARCH_PATHS = (
					"$(inherited)",
					"$(PLATFORM_DIR)/Developer/Library/Frameworks",
				);
				HEADER_SEARCH_PATHS = "$(inherited)";
				INFOPLIST_FILE = Amadeus.xcodeproj/AmadeusTests_Info.plist;
				LD_RUNPATH_SEARCH_PATHS = "$(inherited) @loader_path/../Frameworks @loader_path/Frameworks";
				OTHER_CFLAGS = "$(inherited)";
				OTHER_LDFLAGS = "$(inherited)";
				OTHER_SWIFT_FLAGS = "$(inherited)";
				SWIFT_ACTIVE_COMPILATION_CONDITIONS = "$(inherited)";
				SWIFT_VERSION = 4.2;
				TARGET_NAME = AmadeusTests;
			};
			name = Release;
		};
		OBJ_121 /* Debug */ = {
			isa = XCBuildConfiguration;
			buildSettings = {
				ENABLE_TESTABILITY = YES;
				FRAMEWORK_SEARCH_PATHS = (
					"$(inherited)",
					"$(PLATFORM_DIR)/Developer/Library/Frameworks",
				);
				HEADER_SEARCH_PATHS = "$(inherited)";
				INFOPLIST_FILE = Amadeus.xcodeproj/SwiftyJSON_Info.plist;
				LD_RUNPATH_SEARCH_PATHS = "$(inherited) $(TOOLCHAIN_DIR)/usr/lib/swift/macosx";
				OTHER_CFLAGS = "$(inherited)";
				OTHER_LDFLAGS = "$(inherited)";
				OTHER_SWIFT_FLAGS = "$(inherited)";
				PRODUCT_BUNDLE_IDENTIFIER = SwiftyJSON;
				PRODUCT_MODULE_NAME = "$(TARGET_NAME:c99extidentifier)";
				PRODUCT_NAME = "$(TARGET_NAME:c99extidentifier)";
				SKIP_INSTALL = YES;
				SWIFT_ACTIVE_COMPILATION_CONDITIONS = "$(inherited)";
				SWIFT_SWIFT3_OBJC_INFERENCE = On;
				SWIFT_VERSION = 4.2;
				TARGET_NAME = SwiftyJSON;
			};
			name = Debug;
		};
		OBJ_122 /* Release */ = {
			isa = XCBuildConfiguration;
			buildSettings = {
				ENABLE_TESTABILITY = YES;
				FRAMEWORK_SEARCH_PATHS = (
					"$(inherited)",
					"$(PLATFORM_DIR)/Developer/Library/Frameworks",
				);
				HEADER_SEARCH_PATHS = "$(inherited)";
				INFOPLIST_FILE = Amadeus.xcodeproj/SwiftyJSON_Info.plist;
				LD_RUNPATH_SEARCH_PATHS = "$(inherited) $(TOOLCHAIN_DIR)/usr/lib/swift/macosx";
				OTHER_CFLAGS = "$(inherited)";
				OTHER_LDFLAGS = "$(inherited)";
				OTHER_SWIFT_FLAGS = "$(inherited)";
				PRODUCT_BUNDLE_IDENTIFIER = SwiftyJSON;
				PRODUCT_MODULE_NAME = "$(TARGET_NAME:c99extidentifier)";
				PRODUCT_NAME = "$(TARGET_NAME:c99extidentifier)";
				SKIP_INSTALL = YES;
				SWIFT_ACTIVE_COMPILATION_CONDITIONS = "$(inherited)";
				SWIFT_SWIFT3_OBJC_INFERENCE = On;
				SWIFT_VERSION = 4.2;
				TARGET_NAME = SwiftyJSON;
			};
			name = Release;
		};
		OBJ_128 /* Debug */ = {
			isa = XCBuildConfiguration;
			buildSettings = {
				LD = /usr/bin/true;
				OTHER_SWIFT_FLAGS = "-swift-version 3 -I $(TOOLCHAIN_DIR)/usr/lib/swift/pm/3 -target x86_64-apple-macosx10.10 -sdk /Applications/Xcode.app/Contents/Developer/Platforms/MacOSX.platform/Developer/SDKs/MacOSX10.14.sdk";
				SWIFT_VERSION = 3.0;
			};
			name = Debug;
		};
		OBJ_129 /* Release */ = {
			isa = XCBuildConfiguration;
			buildSettings = {
				LD = /usr/bin/true;
				OTHER_SWIFT_FLAGS = "-swift-version 3 -I $(TOOLCHAIN_DIR)/usr/lib/swift/pm/3 -target x86_64-apple-macosx10.10 -sdk /Applications/Xcode.app/Contents/Developer/Platforms/MacOSX.platform/Developer/SDKs/MacOSX10.14.sdk";
				SWIFT_VERSION = 3.0;
			};
			name = Release;
		};
		OBJ_3 /* Debug */ = {
			isa = XCBuildConfiguration;
			buildSettings = {
				CLANG_ENABLE_OBJC_ARC = YES;
				COMBINE_HIDPI_IMAGES = YES;
				COPY_PHASE_STRIP = NO;
				DEBUG_INFORMATION_FORMAT = dwarf;
				DYLIB_INSTALL_NAME_BASE = "@rpath";
				ENABLE_NS_ASSERTIONS = YES;
				GCC_OPTIMIZATION_LEVEL = 0;
				GCC_PREPROCESSOR_DEFINITIONS = (
					"DEBUG=1",
					"$(inherited)",
				);
				MACOSX_DEPLOYMENT_TARGET = 10.10;
				ONLY_ACTIVE_ARCH = YES;
				OTHER_SWIFT_FLAGS = "-DXcode";
				PRODUCT_NAME = "$(TARGET_NAME)";
				SDKROOT = macosx;
				SUPPORTED_PLATFORMS = "macosx iphoneos iphonesimulator appletvos appletvsimulator watchos watchsimulator";
				SWIFT_ACTIVE_COMPILATION_CONDITIONS = "SWIFT_PACKAGE DEBUG";
				SWIFT_OPTIMIZATION_LEVEL = "-Onone";
				USE_HEADERMAP = NO;
			};
			name = Debug;
		};
		OBJ_4 /* Release */ = {
			isa = XCBuildConfiguration;
			buildSettings = {
				CLANG_ENABLE_OBJC_ARC = YES;
				COMBINE_HIDPI_IMAGES = YES;
				COPY_PHASE_STRIP = YES;
				DEBUG_INFORMATION_FORMAT = "dwarf-with-dsym";
				DYLIB_INSTALL_NAME_BASE = "@rpath";
				GCC_OPTIMIZATION_LEVEL = s;
				MACOSX_DEPLOYMENT_TARGET = 10.10;
				OTHER_SWIFT_FLAGS = "-DXcode";
				PRODUCT_NAME = "$(TARGET_NAME)";
				SDKROOT = macosx;
				SUPPORTED_PLATFORMS = "macosx iphoneos iphonesimulator appletvos appletvsimulator watchos watchsimulator";
				SWIFT_ACTIVE_COMPILATION_CONDITIONS = SWIFT_PACKAGE;
				SWIFT_OPTIMIZATION_LEVEL = "-Owholemodule";
				USE_HEADERMAP = NO;
			};
			name = Release;
		};
		OBJ_62 /* Debug */ = {
			isa = XCBuildConfiguration;
			buildSettings = {
				ENABLE_TESTABILITY = YES;
				FRAMEWORK_SEARCH_PATHS = (
					"$(inherited)",
					"$(PLATFORM_DIR)/Developer/Library/Frameworks",
				);
				HEADER_SEARCH_PATHS = "$(inherited)";
				INFOPLIST_FILE = Amadeus.xcodeproj/Amadeus_Info.plist;
				LD_RUNPATH_SEARCH_PATHS = "$(inherited) $(TOOLCHAIN_DIR)/usr/lib/swift/macosx";
				OTHER_CFLAGS = "$(inherited)";
				OTHER_LDFLAGS = "$(inherited)";
				OTHER_SWIFT_FLAGS = "$(inherited)";
				PRODUCT_BUNDLE_IDENTIFIER = Amadeus;
				PRODUCT_MODULE_NAME = "$(TARGET_NAME:c99extidentifier)";
				PRODUCT_NAME = "$(TARGET_NAME:c99extidentifier)";
				SKIP_INSTALL = YES;
				SWIFT_ACTIVE_COMPILATION_CONDITIONS = "$(inherited)";
				SWIFT_VERSION = 4.2;
				TARGET_NAME = Amadeus;
			};
			name = Debug;
		};
		OBJ_63 /* Release */ = {
			isa = XCBuildConfiguration;
			buildSettings = {
				ENABLE_TESTABILITY = YES;
				FRAMEWORK_SEARCH_PATHS = (
					"$(inherited)",
					"$(PLATFORM_DIR)/Developer/Library/Frameworks",
				);
				HEADER_SEARCH_PATHS = "$(inherited)";
				INFOPLIST_FILE = Amadeus.xcodeproj/Amadeus_Info.plist;
				LD_RUNPATH_SEARCH_PATHS = "$(inherited) $(TOOLCHAIN_DIR)/usr/lib/swift/macosx";
				OTHER_CFLAGS = "$(inherited)";
				OTHER_LDFLAGS = "$(inherited)";
				OTHER_SWIFT_FLAGS = "$(inherited)";
				PRODUCT_BUNDLE_IDENTIFIER = Amadeus;
				PRODUCT_MODULE_NAME = "$(TARGET_NAME:c99extidentifier)";
				PRODUCT_NAME = "$(TARGET_NAME:c99extidentifier)";
				SKIP_INSTALL = YES;
				SWIFT_ACTIVE_COMPILATION_CONDITIONS = "$(inherited)";
				SWIFT_VERSION = 4.2;
				TARGET_NAME = Amadeus;
			};
			name = Release;
		};
		OBJ_97 /* Debug */ = {
			isa = XCBuildConfiguration;
			buildSettings = {
				LD = /usr/bin/true;
				OTHER_SWIFT_FLAGS = "-swift-version 4 -I $(TOOLCHAIN_DIR)/usr/lib/swift/pm/4 -target x86_64-apple-macosx10.10 -sdk /Applications/Xcode.app/Contents/Developer/Platforms/MacOSX.platform/Developer/SDKs/MacOSX10.14.sdk";
				SWIFT_VERSION = 4.0;
			};
			name = Debug;
		};
		OBJ_98 /* Release */ = {
			isa = XCBuildConfiguration;
			buildSettings = {
				LD = /usr/bin/true;
				OTHER_SWIFT_FLAGS = "-swift-version 4 -I $(TOOLCHAIN_DIR)/usr/lib/swift/pm/4 -target x86_64-apple-macosx10.10 -sdk /Applications/Xcode.app/Contents/Developer/Platforms/MacOSX.platform/Developer/SDKs/MacOSX10.14.sdk";
				SWIFT_VERSION = 4.0;
			};
			name = Release;
		};
/* End XCBuildConfiguration section */

/* Begin XCConfigurationList section */
		OBJ_102 /* Build configuration list for PBXAggregateTarget "AmadeusPackageTests" */ = {
			isa = XCConfigurationList;
			buildConfigurations = (
				OBJ_103 /* Debug */,
				OBJ_104 /* Release */,
			);
			defaultConfigurationIsVisible = 0;
			defaultConfigurationName = Release;
		};
		OBJ_107 /* Build configuration list for PBXNativeTarget "AmadeusTests" */ = {
			isa = XCConfigurationList;
			buildConfigurations = (
				OBJ_108 /* Debug */,
				OBJ_109 /* Release */,
			);
			defaultConfigurationIsVisible = 0;
			defaultConfigurationName = Release;
		};
		OBJ_120 /* Build configuration list for PBXNativeTarget "SwiftyJSON" */ = {
			isa = XCConfigurationList;
			buildConfigurations = (
				OBJ_121 /* Debug */,
				OBJ_122 /* Release */,
			);
			defaultConfigurationIsVisible = 0;
			defaultConfigurationName = Release;
		};
		OBJ_127 /* Build configuration list for PBXNativeTarget "SwiftyJSONPackageDescription" */ = {
			isa = XCConfigurationList;
			buildConfigurations = (
				OBJ_128 /* Debug */,
				OBJ_129 /* Release */,
			);
			defaultConfigurationIsVisible = 0;
			defaultConfigurationName = Release;
		};
		OBJ_2 /* Build configuration list for PBXProject "Amadeus" */ = {
			isa = XCConfigurationList;
			buildConfigurations = (
				OBJ_3 /* Debug */,
				OBJ_4 /* Release */,
			);
			defaultConfigurationIsVisible = 0;
			defaultConfigurationName = Release;
		};
		OBJ_61 /* Build configuration list for PBXNativeTarget "Amadeus" */ = {
			isa = XCConfigurationList;
			buildConfigurations = (
				OBJ_62 /* Debug */,
				OBJ_63 /* Release */,
			);
			defaultConfigurationIsVisible = 0;
			defaultConfigurationName = Release;
		};
		OBJ_96 /* Build configuration list for PBXNativeTarget "AmadeusPackageDescription" */ = {
			isa = XCConfigurationList;
			buildConfigurations = (
				OBJ_97 /* Debug */,
				OBJ_98 /* Release */,
			);
			defaultConfigurationIsVisible = 0;
			defaultConfigurationName = Release;
		};
/* End XCConfigurationList section */
	};
	rootObject = OBJ_1 /* Project object */;
}
