{
  "object": {
    "pins": [
      {
        "package": "Amadeus",
        "repositoryURL": "/Users/anavarro/src/github.com/amadeus4dev/amadeus-swift",
        "state": {
          "branch": null,
          "revision": "6a0bf38527d091d7d316934415d0c0f3960f0a2a",
          "version": "1.0.0"
        }
      },
      {
        "package": "SwiftyJSON",
        "repositoryURL": "https://github.com/SwiftyJSON/SwiftyJSON.git",
        "state": {
          "branch": null,
          "revision": "184c6884998c41f71a73c459f9b525b7121be846",
          "version": "4.2.0"
        }
      }
    ]
  },
  "version": 1
}
